
Microsoft Visual Studio Solution File, Format Version 12.00
# Visual Studio Version 16
VisualStudioVersion = 16.0.32228.343
MinimumVisualStudioVersion = 10.0.40219.1
Project("{FAE04EC0-301F-11D3-BF4B-00C04F79EFBC}") = "ManejoDeEstuantesBootcamp", "ManejoDeEstuantesBootcamp\ManejoDeEstuantesBootcamp.csproj", "{4C4C8647-B3F9-4E07-A5A5-0DF22ECE4FC3}"
EndProject
Global
	GlobalSection(SolutionConfigurationPlatforms) = preSolution
		Debug|Any CPU = Debug|Any CPU
		Release|Any CPU = Release|Any CPU
	EndGlobalSection
	GlobalSection(ProjectConfigurationPlatforms) = postSolution
		{4C4C8647-B3F9-4E07-A5A5-0DF22ECE4FC3}.Debug|Any CPU.ActiveCfg = Debug|Any CPU
		{4C4C8647-B3F9-4E07-A5A5-0DF22ECE4FC3}.Debug|Any CPU.Build.0 = Debug|Any CPU
		{4C4C8647-B3F9-4E07-A5A5-0DF22ECE4FC3}.Release|Any CPU.ActiveCfg = Release|Any CPU
		{4C4C8647-B3F9-4E07-A5A5-0DF22ECE4FC3}.Release|Any CPU.Build.0 = Release|Any CPU
	EndGlobalSection
	GlobalSection(SolutionProperties) = preSolution
		HideSolutionNode = FALSE
	EndGlobalSection
	GlobalSection(ExtensibilityGlobals) = postSolution
		SolutionGuid = {C0DB05A6-F77B-4345-AE50-BC0A9B9E2539}
	EndGlobalSection
EndGlobal
